
Microsoft Visual Studio Solution File, Format Version 12.00
# Visual Studio Version 16
VisualStudioVersion = 16.0.31313.79
MinimumVisualStudioVersion = 10.0.40219.1
Project("{FAE04EC0-301F-11D3-BF4B-00C04F79EFBC}") = "FlyFast.API", "FlyFast.API\FlyFast.API.csproj", "{1EB74CAC-A909-475E-ABA0-A7CCEB657C3B}"
EndProject
Project("{FAE04EC0-301F-11D3-BF4B-00C04F79EFBC}") = "FlyFast.API.Tests", "FlyFast.API.Tests\FlyFast.API.Tests.csproj", "{6B95CCD4-7381-40C7-BBB0-E071CC2FFA5B}"
EndProject
Global
	GlobalSection(SolutionConfigurationPlatforms) = preSolution
		Debug|Any CPU = Debug|Any CPU
		Release|Any CPU = Release|Any CPU
	EndGlobalSection
	GlobalSection(ProjectConfigurationPlatforms) = postSolution
		{1EB74CAC-A909-475E-ABA0-A7CCEB657C3B}.Debug|Any CPU.ActiveCfg = Debug|Any CPU
		{1EB74CAC-A909-475E-ABA0-A7CCEB657C3B}.Debug|Any CPU.Build.0 = Debug|Any CPU
		{1EB74CAC-A909-475E-ABA0-A7CCEB657C3B}.Release|Any CPU.ActiveCfg = Release|Any CPU
		{1EB74CAC-A909-475E-ABA0-A7CCEB657C3B}.Release|Any CPU.Build.0 = Release|Any CPU
		{6B95CCD4-7381-40C7-BBB0-E071CC2FFA5B}.Debug|Any CPU.ActiveCfg = Debug|Any CPU
		{6B95CCD4-7381-40C7-BBB0-E071CC2FFA5B}.Debug|Any CPU.Build.0 = Debug|Any CPU
		{6B95CCD4-7381-40C7-BBB0-E071CC2FFA5B}.Release|Any CPU.ActiveCfg = Release|Any CPU
		{6B95CCD4-7381-40C7-BBB0-E071CC2FFA5B}.Release|Any CPU.Build.0 = Release|Any CPU
	EndGlobalSection
	GlobalSection(SolutionProperties) = preSolution
		HideSolutionNode = FALSE
	EndGlobalSection
	GlobalSection(ExtensibilityGlobals) = postSolution
		SolutionGuid = {37712C2F-AB7C-4E01-A561-CAB76CED8790}
	EndGlobalSection
EndGlobal
